
Microsoft Visual Studio Solution File, Format Version 12.00
# Visual Studio 2013
VisualStudioVersion = 12.0.31101.0
MinimumVisualStudioVersion = 10.0.40219.1
Project("{F184B08F-C81C-45F6-A57F-5ABD9991F28F}") = "RetroArchLauncher", "WindowsApplication1\RetroArchLauncher.vbproj", "{B3D353E1-4440-4943-9861-4CFCC7FC8A27}"
EndProject
Global
	GlobalSection(SolutionConfigurationPlatforms) = preSolution
		Debug|Any CPU = Debug|Any CPU
		Release|Any CPU = Release|Any CPU
	EndGlobalSection
	GlobalSection(ProjectConfigurationPlatforms) = postSolution
		{B3D353E1-4440-4943-9861-4CFCC7FC8A27}.Debug|Any CPU.ActiveCfg = Debug|Any CPU
		{B3D353E1-4440-4943-9861-4CFCC7FC8A27}.Debug|Any CPU.Build.0 = Debug|Any CPU
		{B3D353E1-4440-4943-9861-4CFCC7FC8A27}.Release|Any CPU.ActiveCfg = Release|Any CPU
		{B3D353E1-4440-4943-9861-4CFCC7FC8A27}.Release|Any CPU.Build.0 = Release|Any CPU
	EndGlobalSection
	GlobalSection(SolutionProperties) = preSolution
		HideSolutionNode = FALSE
	EndGlobalSection
EndGlobal
